
Microsoft Visual Studio Solution File, Format Version 12.00
# Visual Studio 15
VisualStudioVersion = 15.0.27428.2005
MinimumVisualStudioVersion = 10.0.40219.1
Project("{FAE04EC0-301F-11D3-BF4B-00C04F79EFBC}") = "test", "test\test.csproj", "{E08770D2-4CD0-4556-A10B-AA37C29C945C}"
EndProject
Project("{FAE04EC0-301F-11D3-BF4B-00C04F79EFBC}") = "testTests", "testTests\testTests.csproj", "{60512D70-BB83-42D0-9862-D84C9C65A178}"
EndProject
Global
	GlobalSection(SolutionConfigurationPlatforms) = preSolution
		Debug|Any CPU = Debug|Any CPU
		Release|Any CPU = Release|Any CPU
	EndGlobalSection
	GlobalSection(ProjectConfigurationPlatforms) = postSolution
		{E08770D2-4CD0-4556-A10B-AA37C29C945C}.Debug|Any CPU.ActiveCfg = Debug|Any CPU
		{E08770D2-4CD0-4556-A10B-AA37C29C945C}.Debug|Any CPU.Build.0 = Debug|Any CPU
		{E08770D2-4CD0-4556-A10B-AA37C29C945C}.Release|Any CPU.ActiveCfg = Release|Any CPU
		{E08770D2-4CD0-4556-A10B-AA37C29C945C}.Release|Any CPU.Build.0 = Release|Any CPU
		{60512D70-BB83-42D0-9862-D84C9C65A178}.Debug|Any CPU.ActiveCfg = Debug|Any CPU
		{60512D70-BB83-42D0-9862-D84C9C65A178}.Debug|Any CPU.Build.0 = Debug|Any CPU
		{60512D70-BB83-42D0-9862-D84C9C65A178}.Release|Any CPU.ActiveCfg = Release|Any CPU
		{60512D70-BB83-42D0-9862-D84C9C65A178}.Release|Any CPU.Build.0 = Release|Any CPU
	EndGlobalSection
	GlobalSection(SolutionProperties) = preSolution
		HideSolutionNode = FALSE
	EndGlobalSection
	GlobalSection(ExtensibilityGlobals) = postSolution
		SolutionGuid = {A2A804D5-880C-4F04-B99D-2399F289508C}
	EndGlobalSection
EndGlobal
