
Microsoft Visual Studio Solution File, Format Version 12.00
# Visual Studio 15
VisualStudioVersion = 15.0.27428.2005
MinimumVisualStudioVersion = 10.0.40219.1
Project("{FAE04EC0-301F-11D3-BF4B-00C04F79EFBC}") = "Test", "Test\Test.csproj", "{5FCCDEB3-C711-4A2B-A737-0F1C468DBF4D}"
EndProject
Project("{FAE04EC0-301F-11D3-BF4B-00C04F79EFBC}") = "TestTests", "TestTests\TestTests.csproj", "{3E2ADD5A-65C2-4099-880B-6D14A087DD59}"
EndProject
Global
	GlobalSection(SolutionConfigurationPlatforms) = preSolution
		Debug|Any CPU = Debug|Any CPU
		Release|Any CPU = Release|Any CPU
	EndGlobalSection
	GlobalSection(ProjectConfigurationPlatforms) = postSolution
		{5FCCDEB3-C711-4A2B-A737-0F1C468DBF4D}.Debug|Any CPU.ActiveCfg = Debug|Any CPU
		{5FCCDEB3-C711-4A2B-A737-0F1C468DBF4D}.Debug|Any CPU.Build.0 = Debug|Any CPU
		{5FCCDEB3-C711-4A2B-A737-0F1C468DBF4D}.Release|Any CPU.ActiveCfg = Release|Any CPU
		{5FCCDEB3-C711-4A2B-A737-0F1C468DBF4D}.Release|Any CPU.Build.0 = Release|Any CPU
		{3E2ADD5A-65C2-4099-880B-6D14A087DD59}.Debug|Any CPU.ActiveCfg = Debug|Any CPU
		{3E2ADD5A-65C2-4099-880B-6D14A087DD59}.Debug|Any CPU.Build.0 = Debug|Any CPU
		{3E2ADD5A-65C2-4099-880B-6D14A087DD59}.Release|Any CPU.ActiveCfg = Release|Any CPU
		{3E2ADD5A-65C2-4099-880B-6D14A087DD59}.Release|Any CPU.Build.0 = Release|Any CPU
	EndGlobalSection
	GlobalSection(SolutionProperties) = preSolution
		HideSolutionNode = FALSE
	EndGlobalSection
	GlobalSection(ExtensibilityGlobals) = postSolution
		SolutionGuid = {0F8BC3BA-DA03-4F48-B0B5-7191A4EBF017}
	EndGlobalSection
EndGlobal
