
Microsoft Visual Studio Solution File, Format Version 12.00
Project("{F2A71F9B-5D33-465A-A702-920D77279786}") = "Phonebook", "Phonebook\Phonebook.fsproj", "{579015C3-FC41-42D5-A875-89383E42810F}"
EndProject
Project("{F2A71F9B-5D33-465A-A702-920D77279786}") = "CorrectBracketSequence", "CorrectBracketSequence\CorrectBracketSequence.fsproj", "{EC6427EF-ACD5-40C2-934D-8AD6E8708E90}"
EndProject
Project("{F2A71F9B-5D33-465A-A702-920D77279786}") = "Homework5.Tests", "Homework5.Tests\Homework5.Tests.fsproj", "{3A567380-425F-4111-88DF-7F9350F30189}"
EndProject
Global
	GlobalSection(SolutionConfigurationPlatforms) = preSolution
		Debug|Any CPU = Debug|Any CPU
		Release|Any CPU = Release|Any CPU
	EndGlobalSection
	GlobalSection(ProjectConfigurationPlatforms) = postSolution
		{579015C3-FC41-42D5-A875-89383E42810F}.Debug|Any CPU.ActiveCfg = Debug|Any CPU
		{579015C3-FC41-42D5-A875-89383E42810F}.Debug|Any CPU.Build.0 = Debug|Any CPU
		{579015C3-FC41-42D5-A875-89383E42810F}.Release|Any CPU.ActiveCfg = Release|Any CPU
		{579015C3-FC41-42D5-A875-89383E42810F}.Release|Any CPU.Build.0 = Release|Any CPU
		{EC6427EF-ACD5-40C2-934D-8AD6E8708E90}.Debug|Any CPU.ActiveCfg = Debug|Any CPU
		{EC6427EF-ACD5-40C2-934D-8AD6E8708E90}.Debug|Any CPU.Build.0 = Debug|Any CPU
		{EC6427EF-ACD5-40C2-934D-8AD6E8708E90}.Release|Any CPU.ActiveCfg = Release|Any CPU
		{EC6427EF-ACD5-40C2-934D-8AD6E8708E90}.Release|Any CPU.Build.0 = Release|Any CPU
		{3A567380-425F-4111-88DF-7F9350F30189}.Debug|Any CPU.ActiveCfg = Debug|Any CPU
		{3A567380-425F-4111-88DF-7F9350F30189}.Debug|Any CPU.Build.0 = Debug|Any CPU
		{3A567380-425F-4111-88DF-7F9350F30189}.Release|Any CPU.ActiveCfg = Release|Any CPU
		{3A567380-425F-4111-88DF-7F9350F30189}.Release|Any CPU.Build.0 = Release|Any CPU
	EndGlobalSection
EndGlobal
