
Microsoft Visual Studio Solution File, Format Version 12.00
Project("{F2A71F9B-5D33-465A-A702-920D77279786}") = "Phonebook", "Phonebook\Phonebook.fsproj", "{DC185579-3A91-4253-B55C-E83F83B42A05}"
EndProject
Global
	GlobalSection(SolutionConfigurationPlatforms) = preSolution
		Debug|Any CPU = Debug|Any CPU
		Release|Any CPU = Release|Any CPU
	EndGlobalSection
	GlobalSection(ProjectConfigurationPlatforms) = postSolution
		{DC185579-3A91-4253-B55C-E83F83B42A05}.Debug|Any CPU.ActiveCfg = Debug|Any CPU
		{DC185579-3A91-4253-B55C-E83F83B42A05}.Debug|Any CPU.Build.0 = Debug|Any CPU
		{DC185579-3A91-4253-B55C-E83F83B42A05}.Release|Any CPU.ActiveCfg = Release|Any CPU
		{DC185579-3A91-4253-B55C-E83F83B42A05}.Release|Any CPU.Build.0 = Release|Any CPU
	EndGlobalSection
EndGlobal
