
Microsoft Visual Studio Solution File, Format Version 12.00
# Visual Studio 15
VisualStudioVersion = 15.0.27130.2027
MinimumVisualStudioVersion = 10.0.40219.1
Project("{FAE04EC0-301F-11D3-BF4B-00C04F79EFBC}") = "HashTable", "HashTable\HashTable.csproj", "{3356E995-1A03-4801-B310-3717662AED29}"
EndProject
Project("{FAE04EC0-301F-11D3-BF4B-00C04F79EFBC}") = "HashTableTests", "HashTableTests\HashTableTests.csproj", "{ACAAC800-92CB-4A16-9C6E-AA8D3475971E}"
EndProject
Global
	GlobalSection(SolutionConfigurationPlatforms) = preSolution
		Debug|Any CPU = Debug|Any CPU
		Release|Any CPU = Release|Any CPU
	EndGlobalSection
	GlobalSection(ProjectConfigurationPlatforms) = postSolution
		{3356E995-1A03-4801-B310-3717662AED29}.Debug|Any CPU.ActiveCfg = Debug|Any CPU
		{3356E995-1A03-4801-B310-3717662AED29}.Debug|Any CPU.Build.0 = Debug|Any CPU
		{3356E995-1A03-4801-B310-3717662AED29}.Release|Any CPU.ActiveCfg = Release|Any CPU
		{3356E995-1A03-4801-B310-3717662AED29}.Release|Any CPU.Build.0 = Release|Any CPU
		{ACAAC800-92CB-4A16-9C6E-AA8D3475971E}.Debug|Any CPU.ActiveCfg = Debug|Any CPU
		{ACAAC800-92CB-4A16-9C6E-AA8D3475971E}.Debug|Any CPU.Build.0 = Debug|Any CPU
		{ACAAC800-92CB-4A16-9C6E-AA8D3475971E}.Release|Any CPU.ActiveCfg = Release|Any CPU
		{ACAAC800-92CB-4A16-9C6E-AA8D3475971E}.Release|Any CPU.Build.0 = Release|Any CPU
	EndGlobalSection
	GlobalSection(SolutionProperties) = preSolution
		HideSolutionNode = FALSE
	EndGlobalSection
	GlobalSection(ExtensibilityGlobals) = postSolution
		SolutionGuid = {A1A10F1C-2811-4172-9B6B-0862851C239E}
	EndGlobalSection
EndGlobal
