
Microsoft Visual Studio Solution File, Format Version 12.00
# Visual Studio 15
VisualStudioVersion = 15.0.27428.2005
MinimumVisualStudioVersion = 10.0.40219.1
Project("{FAE04EC0-301F-11D3-BF4B-00C04F79EFBC}") = "Calculator", "Calculator\Calculator.csproj", "{D61BA8E0-9041-4411-8AF2-21439CC4FAD9}"
EndProject
Project("{FAE04EC0-301F-11D3-BF4B-00C04F79EFBC}") = "CalculatorTests", "CalculatorTests\CalculatorTests.csproj", "{BB547D73-990E-48E2-BD52-1BF3AD697F1B}"
EndProject
Global
	GlobalSection(SolutionConfigurationPlatforms) = preSolution
		Debug|Any CPU = Debug|Any CPU
		Release|Any CPU = Release|Any CPU
	EndGlobalSection
	GlobalSection(ProjectConfigurationPlatforms) = postSolution
		{D61BA8E0-9041-4411-8AF2-21439CC4FAD9}.Debug|Any CPU.ActiveCfg = Debug|Any CPU
		{D61BA8E0-9041-4411-8AF2-21439CC4FAD9}.Debug|Any CPU.Build.0 = Debug|Any CPU
		{D61BA8E0-9041-4411-8AF2-21439CC4FAD9}.Release|Any CPU.ActiveCfg = Release|Any CPU
		{D61BA8E0-9041-4411-8AF2-21439CC4FAD9}.Release|Any CPU.Build.0 = Release|Any CPU
		{BB547D73-990E-48E2-BD52-1BF3AD697F1B}.Debug|Any CPU.ActiveCfg = Debug|Any CPU
		{BB547D73-990E-48E2-BD52-1BF3AD697F1B}.Debug|Any CPU.Build.0 = Debug|Any CPU
		{BB547D73-990E-48E2-BD52-1BF3AD697F1B}.Release|Any CPU.ActiveCfg = Release|Any CPU
		{BB547D73-990E-48E2-BD52-1BF3AD697F1B}.Release|Any CPU.Build.0 = Release|Any CPU
	EndGlobalSection
	GlobalSection(SolutionProperties) = preSolution
		HideSolutionNode = FALSE
	EndGlobalSection
	GlobalSection(ExtensibilityGlobals) = postSolution
		SolutionGuid = {10928B24-A8B5-47C9-8CE7-C70925F52A3A}
	EndGlobalSection
EndGlobal
