
Microsoft Visual Studio Solution File, Format Version 12.00
Project("{FAE04EC0-301F-11D3-BF4B-00C04F79EFBC}") = "MyNUnit", "MyNUnit\MyNUnit.csproj", "{0CA565FB-8C38-49B5-8337-E4AAD37AF1E3}"
EndProject
Project("{FAE04EC0-301F-11D3-BF4B-00C04F79EFBC}") = "MyNUnit.Tests", "MyNUnit.Tests\MyNUnit.Tests.csproj", "{CCE17E2B-599E-4078-9FE7-CC845C955B67}"
EndProject
Project("{2150E333-8FDC-42A3-9474-1A3956D46DE8}") = "TestProjects", "TestProjects", "{D1A71C2E-61F9-4A5A-BA5C-F70F049914E9}"
EndProject
Project("{FAE04EC0-301F-11D3-BF4B-00C04F79EFBC}") = "TestProject1", "TestProjects\TestProject1\TestProject1.csproj", "{8899900E-908A-4214-B70A-F132604AF855}"
EndProject
Project("{FAE04EC0-301F-11D3-BF4B-00C04F79EFBC}") = "TestProject2", "TestProjects\TestProject2\TestProject2.csproj", "{FA877477-AD26-4A16-87A1-C00C9077B92C}"
EndProject
Project("{FAE04EC0-301F-11D3-BF4B-00C04F79EFBC}") = "TestProject3", "TestProjects\TestProject3\TestProject3.csproj", "{F0CBFDA1-F874-405E-87D7-CE5A6736B344}"
EndProject
Global
	GlobalSection(SolutionConfigurationPlatforms) = preSolution
		Debug|Any CPU = Debug|Any CPU
		Release|Any CPU = Release|Any CPU
	EndGlobalSection
	GlobalSection(ProjectConfigurationPlatforms) = postSolution
		{0CA565FB-8C38-49B5-8337-E4AAD37AF1E3}.Debug|Any CPU.ActiveCfg = Debug|Any CPU
		{0CA565FB-8C38-49B5-8337-E4AAD37AF1E3}.Debug|Any CPU.Build.0 = Debug|Any CPU
		{0CA565FB-8C38-49B5-8337-E4AAD37AF1E3}.Release|Any CPU.ActiveCfg = Release|Any CPU
		{0CA565FB-8C38-49B5-8337-E4AAD37AF1E3}.Release|Any CPU.Build.0 = Release|Any CPU
		{CCE17E2B-599E-4078-9FE7-CC845C955B67}.Debug|Any CPU.ActiveCfg = Debug|Any CPU
		{CCE17E2B-599E-4078-9FE7-CC845C955B67}.Debug|Any CPU.Build.0 = Debug|Any CPU
		{CCE17E2B-599E-4078-9FE7-CC845C955B67}.Release|Any CPU.ActiveCfg = Release|Any CPU
		{CCE17E2B-599E-4078-9FE7-CC845C955B67}.Release|Any CPU.Build.0 = Release|Any CPU
		{8899900E-908A-4214-B70A-F132604AF855}.Debug|Any CPU.ActiveCfg = Debug|Any CPU
		{8899900E-908A-4214-B70A-F132604AF855}.Debug|Any CPU.Build.0 = Debug|Any CPU
		{8899900E-908A-4214-B70A-F132604AF855}.Release|Any CPU.ActiveCfg = Release|Any CPU
		{8899900E-908A-4214-B70A-F132604AF855}.Release|Any CPU.Build.0 = Release|Any CPU
		{FA877477-AD26-4A16-87A1-C00C9077B92C}.Debug|Any CPU.ActiveCfg = Debug|Any CPU
		{FA877477-AD26-4A16-87A1-C00C9077B92C}.Debug|Any CPU.Build.0 = Debug|Any CPU
		{FA877477-AD26-4A16-87A1-C00C9077B92C}.Release|Any CPU.ActiveCfg = Release|Any CPU
		{FA877477-AD26-4A16-87A1-C00C9077B92C}.Release|Any CPU.Build.0 = Release|Any CPU
		{F0CBFDA1-F874-405E-87D7-CE5A6736B344}.Debug|Any CPU.ActiveCfg = Debug|Any CPU
		{F0CBFDA1-F874-405E-87D7-CE5A6736B344}.Debug|Any CPU.Build.0 = Debug|Any CPU
		{F0CBFDA1-F874-405E-87D7-CE5A6736B344}.Release|Any CPU.ActiveCfg = Release|Any CPU
		{F0CBFDA1-F874-405E-87D7-CE5A6736B344}.Release|Any CPU.Build.0 = Release|Any CPU
	EndGlobalSection
	GlobalSection(NestedProjects) = preSolution
		{8899900E-908A-4214-B70A-F132604AF855} = {D1A71C2E-61F9-4A5A-BA5C-F70F049914E9}
		{FA877477-AD26-4A16-87A1-C00C9077B92C} = {D1A71C2E-61F9-4A5A-BA5C-F70F049914E9}
		{F0CBFDA1-F874-405E-87D7-CE5A6736B344} = {D1A71C2E-61F9-4A5A-BA5C-F70F049914E9}
	EndGlobalSection
EndGlobal
